{
  "name": "begin-telemetry-extension",
  "lockfileVersion": 2,
  "requires": true,
  "packages": {
    "": {
      "name": "begin-telemetry-extension",
      "dependencies": {
        "tiny-json-http": "^7.4.2"
      }
    },
    "node_modules/tiny-json-http": {
      "version": "7.4.2",
      "resolved": "https://registry.npmjs.org/tiny-json-http/-/tiny-json-http-7.4.2.tgz",
      "integrity": "sha512-+3ns4PfQTLaF69zGASkAfDoOEVmwYTXSDrU6VR93h317uFOW7evFzKa7Ih9JzPHiYSee3lUXHLAGhws2wFSexQ=="
    }
  },
  "dependencies": {
    "tiny-json-http": {
      "version": "7.4.2",
      "resolved": "https://registry.npmjs.org/tiny-json-http/-/tiny-json-http-7.4.2.tgz",
      "integrity": "sha512-+3ns4PfQTLaF69zGASkAfDoOEVmwYTXSDrU6VR93h317uFOW7evFzKa7Ih9JzPHiYSee3lUXHLAGhws2wFSexQ=="
    }
  }
}
